{
    "_readme": [
        "This file locks the dependencies of your project to a known state",
        "Read more about it at https://getcomposer.org/doc/01-basic-usage.md#installing-dependencies",
        "This file is @generated automatically"
    ],
    "content-hash": "2a41eec25ae50788edae6d5a64aa6540",
    "packages": [
        {
            "name": "spryker/availability-gui",
            "version": "6.5.3"
        },
        {
            "name": "spryker/store-gui",
            "version": "3.2.0"
        },
        {
            "name": "spryker/cart-gui",
            "version": "2.2.0"
        }
    ],
    "packages-dev": [],
    "aliases": [],
    "minimum-stability": "dev",
    "stability-flags": [],
    "prefer-stable": true,
    "prefer-lowest": false,
    "platform": {
        "php": ">=7.4",
        "ext-ctype": "*",
        "ext-iconv": "*",
        "ext-json": "*"
    },
    "platform-dev": [],
    "plugin-api-version": "2.3.0"
}
